
Microsoft Visual Studio Solution File, Format Version 12.00
# Visual Studio Version 17
VisualStudioVersion = 17.13.35825.156 d17.13
MinimumVisualStudioVersion = 10.0.40219.1
Project("{FAE04EC0-301F-11D3-BF4B-00C04F79EFBC}") = "OrdenesDeCompra", "OrdenesDeCompra\OrdenesDeCompra.csproj", "{EA60B1E0-ABE2-40F6-B1CA-EFDCB147485C}"
EndProject
Global
	GlobalSection(SolutionConfigurationPlatforms) = preSolution
		Debug|Any CPU = Debug|Any CPU
		Release|Any CPU = Release|Any CPU
	EndGlobalSection
	GlobalSection(ProjectConfigurationPlatforms) = postSolution
		{EA60B1E0-ABE2-40F6-B1CA-EFDCB147485C}.Debug|Any CPU.ActiveCfg = Debug|Any CPU
		{EA60B1E0-ABE2-40F6-B1CA-EFDCB147485C}.Debug|Any CPU.Build.0 = Debug|Any CPU
		{EA60B1E0-ABE2-40F6-B1CA-EFDCB147485C}.Release|Any CPU.ActiveCfg = Release|Any CPU
		{EA60B1E0-ABE2-40F6-B1CA-EFDCB147485C}.Release|Any CPU.Build.0 = Release|Any CPU
	EndGlobalSection
	GlobalSection(SolutionProperties) = preSolution
		HideSolutionNode = FALSE
	EndGlobalSection
	GlobalSection(ExtensibilityGlobals) = postSolution
		SolutionGuid = {50FA92C9-B602-4601-945B-C2BCC8C363D2}
	EndGlobalSection
EndGlobal
